
Microsoft Visual Studio Solution File, Format Version 12.00
# Visual Studio Version 17
VisualStudioVersion = 17.2.32616.157
MinimumVisualStudioVersion = 10.0.40219.1
Project("{FAE04EC0-301F-11D3-BF4B-00C04F79EFBC}") = "project_find_friend", "project_find_friend\project_find_friend.csproj", "{12DA736C-BAEF-47D8-BCBD-6EB5B9307302}"
EndProject
Global
	GlobalSection(SolutionConfigurationPlatforms) = preSolution
		Debug|Any CPU = Debug|Any CPU
		Release|Any CPU = Release|Any CPU
	EndGlobalSection
	GlobalSection(ProjectConfigurationPlatforms) = postSolution
		{12DA736C-BAEF-47D8-BCBD-6EB5B9307302}.Debug|Any CPU.ActiveCfg = Debug|Any CPU
		{12DA736C-BAEF-47D8-BCBD-6EB5B9307302}.Debug|Any CPU.Build.0 = Debug|Any CPU
		{12DA736C-BAEF-47D8-BCBD-6EB5B9307302}.Release|Any CPU.ActiveCfg = Release|Any CPU
		{12DA736C-BAEF-47D8-BCBD-6EB5B9307302}.Release|Any CPU.Build.0 = Release|Any CPU
	EndGlobalSection
	GlobalSection(SolutionProperties) = preSolution
		HideSolutionNode = FALSE
	EndGlobalSection
	GlobalSection(ExtensibilityGlobals) = postSolution
		SolutionGuid = {F4CE8570-E43D-4183-817D-1C03D0B1B13E}
	EndGlobalSection
EndGlobal
